
Microsoft Visual Studio Solution File, Format Version 12.00
# Visual Studio 15
Project("{FAE04EC0-301F-11D3-BF4B-00C04F79EFBC}") = "Unity.2D.Tilemap.Extras", "Unity.2D.Tilemap.Extras.csproj", "{C6E96D27-AAA7-62D3-1C10-2F5A8C9C8D0C}"
EndProject
Project("{FAE04EC0-301F-11D3-BF4B-00C04F79EFBC}") = "Unity.2D.Tilemap.Extras.Editor", "Unity.2D.Tilemap.Extras.Editor.csproj", "{D0E318FF-0162-BF03-6BE7-8CB108DFD39F}"
EndProject
Global
	GlobalSection(SolutionConfigurationPlatforms) = preSolution
		Debug|Any CPU = Debug|Any CPU
		Release|Any CPU = Release|Any CPU
	EndGlobalSection
	GlobalSection(ProjectConfigurationPlatforms) = postSolution
		{C6E96D27-AAA7-62D3-1C10-2F5A8C9C8D0C}.Debug|Any CPU.ActiveCfg = Debug|Any CPU
		{C6E96D27-AAA7-62D3-1C10-2F5A8C9C8D0C}.Debug|Any CPU.Build.0 = Debug|Any CPU
		{C6E96D27-AAA7-62D3-1C10-2F5A8C9C8D0C}.Release|Any CPU.ActiveCfg = Release|Any CPU
		{C6E96D27-AAA7-62D3-1C10-2F5A8C9C8D0C}.Release|Any CPU.Build.0 = Release|Any CPU
		{D0E318FF-0162-BF03-6BE7-8CB108DFD39F}.Debug|Any CPU.ActiveCfg = Debug|Any CPU
		{D0E318FF-0162-BF03-6BE7-8CB108DFD39F}.Debug|Any CPU.Build.0 = Debug|Any CPU
		{D0E318FF-0162-BF03-6BE7-8CB108DFD39F}.Release|Any CPU.ActiveCfg = Release|Any CPU
		{D0E318FF-0162-BF03-6BE7-8CB108DFD39F}.Release|Any CPU.Build.0 = Release|Any CPU
	EndGlobalSection
	GlobalSection(SolutionProperties) = preSolution
		HideSolutionNode = FALSE
	EndGlobalSection
EndGlobal
